{
  "name": "office-escape",
  "version": "1.0.0",
  "lockfileVersion": 3,
  "requires": true,
  "packages": {
    "": {
      "name": "office-escape",
      "version": "1.0.0",
      "license": "MIT",
      "dependencies": {
        "@breezystack/lamejs": "^1.2.7",
        "lamejs": "^1.2.1",
        "three": "^0.185.1"
      }
    },
    "node_modules/@breezystack/lamejs": {
      "version": "1.2.7",
      "resolved": "https://registry.npmjs.org/@breezystack/lamejs/-/lamejs-1.2.7.tgz",
      "integrity": "sha512-6wc7ck65ctA75Hq7FYHTtTvGnYs6msgdxiSUICQ+A01nVOWg6rqouZB8IdyteRlfpYYiFovkf67dIeOgWIUzTA==",
      "license": "LGPL-3.0"
    },
    "node_modules/lamejs": {
      "version": "1.2.1",
      "resolved": "https://registry.npmjs.org/lamejs/-/lamejs-1.2.1.tgz",
      "integrity": "sha512-s7bxvjvYthw6oPLCm5pFxvA84wUROODB8jEO2+CE1adhKgrIvVOlmMgY8zyugxGrvRaDHNJanOiS21/emty6dQ==",
      "license": "LGPL-3.0",
      "dependencies": {
        "use-strict": "1.0.1"
      }
    },
    "node_modules/three": {
      "version": "0.185.1",
      "resolved": "https://registry.npmjs.org/three/-/three-0.185.1.tgz",
      "integrity": "sha512-5aojFCXKwnjBRZvUnt3WFfEcvUJgkN5LlijRFN95hMy8WVkG4I0QNcJE+OuWvuJ0bOdStrbfXn0pkd6/QyiAlg==",
      "license": "MIT"
    },
    "node_modules/use-strict": {
      "version": "1.0.1",
      "resolved": "https://registry.npmjs.org/use-strict/-/use-strict-1.0.1.tgz",
      "integrity": "sha512-IeiWvvEXfW5ltKVMkxq6FvNf2LojMKvB2OCeja6+ct24S1XOmQw2dGr2JyndwACWAGJva9B7yPHwAmeA9QCqAQ==",
      "license": "ISC"
    }
  }
}
